// !$*UTF8*$!
{
	archiveVersion = 1;
	classes = {
	};
	objectVersion = 48;
	objects = {

/* Begin PBXBuildFile section */
		3F005FE422FEB831008727DF /* AppDelegate.swift in Sources */ = {isa = PBXBuildFile; fileRef = 3F005FE322FEB831008727DF /* AppDelegate.swift */; };
		3F005FE622FEB831008727DF /* PersonenLijst.swift in Sources */ = {isa = PBXBuildFile; fileRef = 3F005FE522FEB831008727DF /* PersonenLijst.swift */; };
		3F005FE822FEB831008727DF /* PersonenInDeBuurt.swift in Sources */ = {isa = PBXBuildFile; fileRef = 3F005FE722FEB831008727DF /* PersonenInDeBuurt.swift */; };
		3F005FEB22FEB831008727DF /* Main.storyboard in Resources */ = {isa = PBXBuildFile; fileRef = 3F005FE922FEB831008727DF /* Main.storyboard */; };
		3F005FED22FEB832008727DF /* Assets.xcassets in Resources */ = {isa = PBXBuildFile; fileRef = 3F005FEC22FEB832008727DF /* Assets.xcassets */; };
		3F005FF022FEB832008727DF /* LaunchScreen.storyboard in Resources */ = {isa = PBXBuildFile; fileRef = 3F005FEE22FEB832008727DF /* LaunchScreen.storyboard */; };
		3F005FF922FEBC81008727DF /* Persoon.swift in Sources */ = {isa = PBXBuildFile; fileRef = 3F005FF822FEBC81008727DF /* Persoon.swift */; };
		3F005FFB22FEBC90008727DF /* Adres.swift in Sources */ = {isa = PBXBuildFile; fileRef = 3F005FFA22FEBC90008727DF /* Adres.swift */; };
		3F005FFF22FEBF9D008727DF /* Coordinaten.swift in Sources */ = {isa = PBXBuildFile; fileRef = 3F005FFE22FEBF9D008727DF /* Coordinaten.swift */; };
		3F255BAB2307051E00EEBA61 /* Default-568h@2x.png in Resources */ = {isa = PBXBuildFile; fileRef = 3F255BAA2307051E00EEBA61 /* Default-568h@2x.png */; };
		3F3D6856230858FE00101FF2 /* PersonenFactory.swift in Sources */ = {isa = PBXBuildFile; fileRef = 3F3D6855230858FE00101FF2 /* PersonenFactory.swift */; };
		3F3E196323081F65000A9B70 /* PersoonDetail.swift in Sources */ = {isa = PBXBuildFile; fileRef = 3F3E196223081F65000A9B70 /* PersoonDetail.swift */; };
		3F3E196523081F72000A9B70 /* FotoDetail.swift in Sources */ = {isa = PBXBuildFile; fileRef = 3F3E196423081F72000A9B70 /* FotoDetail.swift */; };
		3F5E13AC2304248500B9396C /* Personen.swift in Sources */ = {isa = PBXBuildFile; fileRef = 3F5E13AB2304248500B9396C /* Personen.swift */; };
		3FFD6F3F2308A05C00FE86EC /* NieuwePersoon.swift in Sources */ = {isa = PBXBuildFile; fileRef = 3FFD6F3E2308A05C00FE86EC /* NieuwePersoon.swift */; };
/* End PBXBuildFile section */

/* Begin PBXFileReference section */
		3F005FE022FEB831008727DF /* MobileAppsIOSWerkstuk1.app */ = {isa = PBXFileReference; explicitFileType = wrapper.application; includeInIndex = 0; path = MobileAppsIOSWerkstuk1.app; sourceTree = BUILT_PRODUCTS_DIR; };
		3F005FE322FEB831008727DF /* AppDelegate.swift */ = {isa = PBXFileReference; lastKnownFileType = sourcecode.swift; path = AppDelegate.swift; sourceTree = "<group>"; };
		3F005FE522FEB831008727DF /* PersonenLijst.swift */ = {isa = PBXFileReference; lastKnownFileType = sourcecode.swift; path = PersonenLijst.swift; sourceTree = "<group>"; };
		3F005FE722FEB831008727DF /* PersonenInDeBuurt.swift */ = {isa = PBXFileReference; lastKnownFileType = sourcecode.swift; path = PersonenInDeBuurt.swift; sourceTree = "<group>"; };
		3F005FEA22FEB831008727DF /* Base */ = {isa = PBXFileReference; lastKnownFileType = file.storyboard; name = Base; path = Base.lproj/Main.storyboard; sourceTree = "<group>"; };
		3F005FEC22FEB832008727DF /* Assets.xcassets */ = {isa = PBXFileReference; lastKnownFileType = folder.assetcatalog; path = Assets.xcassets; sourceTree = "<group>"; };
		3F005FEF22FEB832008727DF /* Base */ = {isa = PBXFileReference; lastKnownFileType = file.storyboard; name = Base; path = Base.lproj/LaunchScreen.storyboard; sourceTree = "<group>"; };
		3F005FF122FEB832008727DF /* Info.plist */ = {isa = PBXFileReference; lastKnownFileType = text.plist.xml; path = Info.plist; sourceTree = "<group>"; };
		3F005FF822FEBC81008727DF /* Persoon.swift */ = {isa = PBXFileReference; lastKnownFileType = sourcecode.swift; path = Persoon.swift; sourceTree = "<group>"; };
		3F005FFA22FEBC90008727DF /* Adres.swift */ = {isa = PBXFileReference; lastKnownFileType = sourcecode.swift; path = Adres.swift; sourceTree = "<group>"; };
		3F005FFE22FEBF9D008727DF /* Coordinaten.swift */ = {isa = PBXFileReference; lastKnownFileType = sourcecode.swift; path = Coordinaten.swift; sourceTree = "<group>"; };
		3F255BAA2307051E00EEBA61 /* Default-568h@2x.png */ = {isa = PBXFileReference; lastKnownFileType = image.png; path = "Default-568h@2x.png"; sourceTree = "<group>"; };
		3F3D6855230858FE00101FF2 /* PersonenFactory.swift */ = {isa = PBXFileReference; lastKnownFileType = sourcecode.swift; path = PersonenFactory.swift; sourceTree = "<group>"; };
		3F3E196223081F65000A9B70 /* PersoonDetail.swift */ = {isa = PBXFileReference; lastKnownFileType = sourcecode.swift; path = PersoonDetail.swift; sourceTree = "<group>"; };
		3F3E196423081F72000A9B70 /* FotoDetail.swift */ = {isa = PBXFileReference; lastKnownFileType = sourcecode.swift; path = FotoDetail.swift; sourceTree = "<group>"; };
		3F5E13AB2304248500B9396C /* Personen.swift */ = {isa = PBXFileReference; lastKnownFileType = sourcecode.swift; path = Personen.swift; sourceTree = "<group>"; };
		3FFD6F3E2308A05C00FE86EC /* NieuwePersoon.swift */ = {isa = PBXFileReference; lastKnownFileType = sourcecode.swift; path = NieuwePersoon.swift; sourceTree = "<group>"; };
/* End PBXFileReference section */

/* Begin PBXFrameworksBuildPhase section */
		3F005FDD22FEB831008727DF /* Frameworks */ = {
			isa = PBXFrameworksBuildPhase;
			buildActionMask = 2147483647;
			files = (
			);
			runOnlyForDeploymentPostprocessing = 0;
		};
/* End PBXFrameworksBuildPhase section */

/* Begin PBXGroup section */
		3F005FD722FEB831008727DF = {
			isa = PBXGroup;
			children = (
				3F3E196123081F40000A9B70 /* Controllers */,
				3F255BAA2307051E00EEBA61 /* Default-568h@2x.png */,
				3F005FE222FEB831008727DF /* MobileAppsIOSWerkstuk1 */,
				3F005FE122FEB831008727DF /* Products */,
			);
			sourceTree = "<group>";
		};
		3F005FE122FEB831008727DF /* Products */ = {
			isa = PBXGroup;
			children = (
				3F005FE022FEB831008727DF /* MobileAppsIOSWerkstuk1.app */,
			);
			name = Products;
			sourceTree = "<group>";
		};
		3F005FE222FEB831008727DF /* MobileAppsIOSWerkstuk1 */ = {
			isa = PBXGroup;
			children = (
				3F5E13AA2304246D00B9396C /* Data */,
				3F005FF722FEBC3F008727DF /* Models */,
				3F005FE322FEB831008727DF /* AppDelegate.swift */,
				3F005FE922FEB831008727DF /* Main.storyboard */,
				3F005FEC22FEB832008727DF /* Assets.xcassets */,
				3F005FEE22FEB832008727DF /* LaunchScreen.storyboard */,
				3F005FF122FEB832008727DF /* Info.plist */,
			);
			path = MobileAppsIOSWerkstuk1;
			sourceTree = "<group>";
		};
		3F005FF722FEBC3F008727DF /* Models */ = {
			isa = PBXGroup;
			children = (
				3F005FF822FEBC81008727DF /* Persoon.swift */,
				3F005FFA22FEBC90008727DF /* Adres.swift */,
				3F005FFE22FEBF9D008727DF /* Coordinaten.swift */,
			);
			path = Models;
			sourceTree = "<group>";
		};
		3F3E196123081F40000A9B70 /* Controllers */ = {
			isa = PBXGroup;
			children = (
				3F005FE522FEB831008727DF /* PersonenLijst.swift */,
				3F005FE722FEB831008727DF /* PersonenInDeBuurt.swift */,
				3F3E196223081F65000A9B70 /* PersoonDetail.swift */,
				3F3E196423081F72000A9B70 /* FotoDetail.swift */,
				3FFD6F3E2308A05C00FE86EC /* NieuwePersoon.swift */,
			);
			path = Controllers;
			sourceTree = "<group>";
		};
		3F5E13AA2304246D00B9396C /* Data */ = {
			isa = PBXGroup;
			children = (
				3F5E13AB2304248500B9396C /* Personen.swift */,
				3F3D6855230858FE00101FF2 /* PersonenFactory.swift */,
			);
			path = Data;
			sourceTree = "<group>";
		};
/* End PBXGroup section */

/* Begin PBXNativeTarget section */
		3F005FDF22FEB831008727DF /* MobileAppsIOSWerkstuk1 */ = {
			isa = PBXNativeTarget;
			buildConfigurationList = 3F005FF422FEB832008727DF /* Build configuration list for PBXNativeTarget "MobileAppsIOSWerkstuk1" */;
			buildPhases = (
				3F005FDC22FEB831008727DF /* Sources */,
				3F005FDD22FEB831008727DF /* Frameworks */,
				3F005FDE22FEB831008727DF /* Resources */,
			);
			buildRules = (
			);
			dependencies = (
			);
			name = MobileAppsIOSWerkstuk1;
			productName = MobileAppsIOSWerkstuk1;
			productReference = 3F005FE022FEB831008727DF /* MobileAppsIOSWerkstuk1.app */;
			productType = "com.apple.product-type.application";
		};
/* End PBXNativeTarget section */

/* Begin PBXProject section */
		3F005FD822FEB831008727DF /* Project object */ = {
			isa = PBXProject;
			attributes = {
				LastSwiftUpdateCheck = 0920;
				LastUpgradeCheck = 0920;
				ORGANIZATIONNAME = EhB;
				TargetAttributes = {
					3F005FDF22FEB831008727DF = {
						CreatedOnToolsVersion = 9.2;
						ProvisioningStyle = Automatic;
					};
				};
			};
			buildConfigurationList = 3F005FDB22FEB831008727DF /* Build configuration list for PBXProject "MobileAppsIOSWerkstuk1" */;
			compatibilityVersion = "Xcode 8.0";
			developmentRegion = en;
			hasScannedForEncodings = 0;
			knownRegions = (
				en,
				Base,
			);
			mainGroup = 3F005FD722FEB831008727DF;
			productRefGroup = 3F005FE122FEB831008727DF /* Products */;
			projectDirPath = "";
			projectRoot = "";
			targets = (
				3F005FDF22FEB831008727DF /* MobileAppsIOSWerkstuk1 */,
			);
		};
/* End PBXProject section */

/* Begin PBXResourcesBuildPhase section */
		3F005FDE22FEB831008727DF /* Resources */ = {
			isa = PBXResourcesBuildPhase;
			buildActionMask = 2147483647;
			files = (
				3F005FF022FEB832008727DF /* LaunchScreen.storyboard in Resources */,
				3F255BAB2307051E00EEBA61 /* Default-568h@2x.png in Resources */,
				3F005FED22FEB832008727DF /* Assets.xcassets in Resources */,
				3F005FEB22FEB831008727DF /* Main.storyboard in Resources */,
			);
			runOnlyForDeploymentPostprocessing = 0;
		};
/* End PBXResourcesBuildPhase section */

/* Begin PBXSourcesBuildPhase section */
		3F005FDC22FEB831008727DF /* Sources */ = {
			isa = PBXSourcesBuildPhase;
			buildActionMask = 2147483647;
			files = (
				3F5E13AC2304248500B9396C /* Personen.swift in Sources */,
				3F005FFB22FEBC90008727DF /* Adres.swift in Sources */,
				3F005FE822FEB831008727DF /* PersonenInDeBuurt.swift in Sources */,
				3F005FE422FEB831008727DF /* AppDelegate.swift in Sources */,
				3F005FF922FEBC81008727DF /* Persoon.swift in Sources */,
				3F005FE622FEB831008727DF /* PersonenLijst.swift in Sources */,
				3FFD6F3F2308A05C00FE86EC /* NieuwePersoon.swift in Sources */,
				3F3D6856230858FE00101FF2 /* PersonenFactory.swift in Sources */,
				3F3E196523081F72000A9B70 /* FotoDetail.swift in Sources */,
				3F005FFF22FEBF9D008727DF /* Coordinaten.swift in Sources */,
				3F3E196323081F65000A9B70 /* PersoonDetail.swift in Sources */,
			);
			runOnlyForDeploymentPostprocessing = 0;
		};
/* End PBXSourcesBuildPhase section */

/* Begin PBXVariantGroup section */
		3F005FE922FEB831008727DF /* Main.storyboard */ = {
			isa = PBXVariantGroup;
			children = (
				3F005FEA22FEB831008727DF /* Base */,
			);
			name = Main.storyboard;
			sourceTree = "<group>";
		};
		3F005FEE22FEB832008727DF /* LaunchScreen.storyboard */ = {
			isa = PBXVariantGroup;
			children = (
				3F005FEF22FEB832008727DF /* Base */,
			);
			name = LaunchScreen.storyboard;
			sourceTree = "<group>";
		};
/* End PBXVariantGroup section */

/* Begin XCBuildConfiguration section */
		3F005FF222FEB832008727DF /* Debug */ = {
			isa = XCBuildConfiguration;
			buildSettings = {
				ALWAYS_SEARCH_USER_PATHS = NO;
				CLANG_ANALYZER_NONNULL = YES;
				CLANG_ANALYZER_NUMBER_OBJECT_CONVERSION = YES_AGGRESSIVE;
				CLANG_CXX_LANGUAGE_STANDARD = "gnu++14";
				CLANG_CXX_LIBRARY = "libc++";
				CLANG_ENABLE_MODULES = YES;
				CLANG_ENABLE_OBJC_ARC = YES;
				CLANG_WARN_BLOCK_CAPTURE_AUTORELEASING = YES;
				CLANG_WARN_BOOL_CONVERSION = YES;
				CLANG_WARN_COMMA = YES;
				CLANG_WARN_CONSTANT_CONVERSION = YES;
				CLANG_WARN_DIRECT_OBJC_ISA_USAGE = YES_ERROR;
				CLANG_WARN_DOCUMENTATION_COMMENTS = YES;
				CLANG_WARN_EMPTY_BODY = YES;
				CLANG_WARN_ENUM_CONVERSION = YES;
				CLANG_WARN_INFINITE_RECURSION = YES;
				CLANG_WARN_INT_CONVERSION = YES;
				CLANG_WARN_NON_LITERAL_NULL_CONVERSION = YES;
				CLANG_WARN_OBJC_LITERAL_CONVERSION = YES;
				CLANG_WARN_OBJC_ROOT_CLASS = YES_ERROR;
				CLANG_WARN_RANGE_LOOP_ANALYSIS = YES;
				CLANG_WARN_STRICT_PROTOTYPES = YES;
				CLANG_WARN_SUSPICIOUS_MOVE = YES;
				CLANG_WARN_UNGUARDED_AVAILABILITY = YES_AGGRESSIVE;
				CLANG_WARN_UNREACHABLE_CODE = YES;
				CLANG_WARN__DUPLICATE_METHOD_MATCH = YES;
				CODE_SIGN_IDENTITY = "iPhone Developer";
				COPY_PHASE_STRIP = NO;
				DEBUG_INFORMATION_FORMAT = dwarf;
				ENABLE_STRICT_OBJC_MSGSEND = YES;
				ENABLE_TESTABILITY = YES;
				GCC_C_LANGUAGE_STANDARD = gnu11;
				GCC_DYNAMIC_NO_PIC = NO;
				GCC_NO_COMMON_BLOCKS = YES;
				GCC_OPTIMIZATION_LEVEL = 0;
				GCC_PREPROCESSOR_DEFINITIONS = (
					"DEBUG=1",
					"$(inherited)",
				);
				GCC_WARN_64_TO_32_BIT_CONVERSION = YES;
				GCC_WARN_ABOUT_RETURN_TYPE = YES_ERROR;
				GCC_WARN_UNDECLARED_SELECTOR = YES;
				GCC_WARN_UNINITIALIZED_AUTOS = YES_AGGRESSIVE;
				GCC_WARN_UNUSED_FUNCTION = YES;
				GCC_WARN_UNUSED_VARIABLE = YES;
				IPHONEOS_DEPLOYMENT_TARGET = 11.2;
				MTL_ENABLE_DEBUG_INFO = YES;
				ONLY_ACTIVE_ARCH = YES;
				SDKROOT = iphoneos;
				SWIFT_ACTIVE_COMPILATION_CONDITIONS = DEBUG;
				SWIFT_OPTIMIZATION_LEVEL = "-Onone";
			};
			name = Debug;
		};
		3F005FF322FEB832008727DF /* Release */ = {
			isa = XCBuildConfiguration;
			buildSettings = {
				ALWAYS_SEARCH_USER_PATHS = NO;
				CLANG_ANALYZER_NONNULL = YES;
				CLANG_ANALYZER_NUMBER_OBJECT_CONVERSION = YES_AGGRESSIVE;
				CLANG_CXX_LANGUAGE_STANDARD = "gnu++14";
				CLANG_CXX_LIBRARY = "libc++";
				CLANG_ENABLE_MODULES = YES;
				CLANG_ENABLE_OBJC_ARC = YES;
				CLANG_WARN_BLOCK_CAPTURE_AUTORELEASING = YES;
				CLANG_WARN_BOOL_CONVERSION = YES;
				CLANG_WARN_COMMA = YES;
				CLANG_WARN_CONSTANT_CONVERSION = YES;
				CLANG_WARN_DIRECT_OBJC_ISA_USAGE = YES_ERROR;
				CLANG_WARN_DOCUMENTATION_COMMENTS = YES;
				CLANG_WARN_EMPTY_BODY = YES;
				CLANG_WARN_ENUM_CONVERSION = YES;
				CLANG_WARN_INFINITE_RECURSION = YES;
				CLANG_WARN_INT_CONVERSION = YES;
				CLANG_WARN_NON_LITERAL_NULL_CONVERSION = YES;
				CLANG_WARN_OBJC_LITERAL_CONVERSION = YES;
				CLANG_WARN_OBJC_ROOT_CLASS = YES_ERROR;
				CLANG_WARN_RANGE_LOOP_ANALYSIS = YES;
				CLANG_WARN_STRICT_PROTOTYPES = YES;
				CLANG_WARN_SUSPICIOUS_MOVE = YES;
				CLANG_WARN_UNGUARDED_AVAILABILITY = YES_AGGRESSIVE;
				CLANG_WARN_UNREACHABLE_CODE = YES;
				CLANG_WARN__DUPLICATE_METHOD_MATCH = YES;
				CODE_SIGN_IDENTITY = "iPhone Developer";
				COPY_PHASE_STRIP = NO;
				DEBUG_INFORMATION_FORMAT = "dwarf-with-dsym";
				ENABLE_NS_ASSERTIONS = NO;
				ENABLE_STRICT_OBJC_MSGSEND = YES;
				GCC_C_LANGUAGE_STANDARD = gnu11;
				GCC_NO_COMMON_BLOCKS = YES;
				GCC_WARN_64_TO_32_BIT_CONVERSION = YES;
				GCC_WARN_ABOUT_RETURN_TYPE = YES_ERROR;
				GCC_WARN_UNDECLARED_SELECTOR = YES;
				GCC_WARN_UNINITIALIZED_AUTOS = YES_AGGRESSIVE;
				GCC_WARN_UNUSED_FUNCTION = YES;
				GCC_WARN_UNUSED_VARIABLE = YES;
				IPHONEOS_DEPLOYMENT_TARGET = 11.2;
				MTL_ENABLE_DEBUG_INFO = NO;
				SDKROOT = iphoneos;
				SWIFT_OPTIMIZATION_LEVEL = "-Owholemodule";
				VALIDATE_PRODUCT = YES;
			};
			name = Release;
		};
		3F005FF522FEB832008727DF /* Debug */ = {
			isa = XCBuildConfiguration;
			buildSettings = {
				ASSETCATALOG_COMPILER_APPICON_NAME = AppIcon;
				CODE_SIGN_STYLE = Automatic;
				INFOPLIST_FILE = MobileAppsIOSWerkstuk1/Info.plist;
				LD_RUNPATH_SEARCH_PATHS = "$(inherited) @executable_path/Frameworks";
				PRODUCT_BUNDLE_IDENTIFIER = Ehb.MobileAppsIOSWerkstuk1;
				PRODUCT_NAME = "$(TARGET_NAME)";
				SWIFT_VERSION = 4.0;
				TARGETED_DEVICE_FAMILY = "1,2";
			};
			name = Debug;
		};
		3F005FF622FEB832008727DF /* Release */ = {
			isa = XCBuildConfiguration;
			buildSettings = {
				ASSETCATALOG_COMPILER_APPICON_NAME = AppIcon;
				CODE_SIGN_STYLE = Automatic;
				INFOPLIST_FILE = MobileAppsIOSWerkstuk1/Info.plist;
				LD_RUNPATH_SEARCH_PATHS = "$(inherited) @executable_path/Frameworks";
				PRODUCT_BUNDLE_IDENTIFIER = Ehb.MobileAppsIOSWerkstuk1;
				PRODUCT_NAME = "$(TARGET_NAME)";
				SWIFT_VERSION = 4.0;
				TARGETED_DEVICE_FAMILY = "1,2";
			};
			name = Release;
		};
/* End XCBuildConfiguration section */

/* Begin XCConfigurationList section */
		3F005FDB22FEB831008727DF /* Build configuration list for PBXProject "MobileAppsIOSWerkstuk1" */ = {
			isa = XCConfigurationList;
			buildConfigurations = (
				3F005FF222FEB832008727DF /* Debug */,
				3F005FF322FEB832008727DF /* Release */,
			);
			defaultConfigurationIsVisible = 0;
			defaultConfigurationName = Release;
		};
		3F005FF422FEB832008727DF /* Build configuration list for PBXNativeTarget "MobileAppsIOSWerkstuk1" */ = {
			isa = XCConfigurationList;
			buildConfigurations = (
				3F005FF522FEB832008727DF /* Debug */,
				3F005FF622FEB832008727DF /* Release */,
			);
			defaultConfigurationIsVisible = 0;
			defaultConfigurationName = Release;
		};
/* End XCConfigurationList section */
	};
	rootObject = 3F005FD822FEB831008727DF /* Project object */;
}
